
Microsoft Visual Studio Solution File, Format Version 12.00
# Visual Studio Version 17
VisualStudioVersion = 17.3.32929.385
MinimumVisualStudioVersion = 10.0.40219.1
Project("{FAE04EC0-301F-11D3-BF4B-00C04F79EFBC}") = "EnumProblem", "EnumProblem.csproj", "{CA0C3E16-5A8B-4056-8114-1BDDD78547F4}"
EndProject
Global
	GlobalSection(SolutionConfigurationPlatforms) = preSolution
		Debug|Any CPU = Debug|Any CPU
		Release|Any CPU = Release|Any CPU
	EndGlobalSection
	GlobalSection(ProjectConfigurationPlatforms) = postSolution
		{CA0C3E16-5A8B-4056-8114-1BDDD78547F4}.Debug|Any CPU.ActiveCfg = Debug|Any CPU
		{CA0C3E16-5A8B-4056-8114-1BDDD78547F4}.Debug|Any CPU.Build.0 = Debug|Any CPU
		{CA0C3E16-5A8B-4056-8114-1BDDD78547F4}.Release|Any CPU.ActiveCfg = Release|Any CPU
		{CA0C3E16-5A8B-4056-8114-1BDDD78547F4}.Release|Any CPU.Build.0 = Release|Any CPU
	EndGlobalSection
	GlobalSection(SolutionProperties) = preSolution
		HideSolutionNode = FALSE
	EndGlobalSection
	GlobalSection(ExtensibilityGlobals) = postSolution
		SolutionGuid = {0829627E-5BFA-49E3-B744-1CB6FBE6F51A}
	EndGlobalSection
EndGlobal
